<?xml version="1.0" encoding="utf-8"?>
<Project ToolsVersion="4.0" xmlns="http://schemas.microsoft.com/developer/msbuild/2003">
  <ItemGroup>
    <Filter Include="Resource Files">
      <UniqueIdentifier>{67DA6AB6-F800-4c08-8B7A-83BB121AAD01}</UniqueIdentifier>
      <Extensions>rc;ico;cur;bmp;dlg;rc2;rct;bin;rgs;gif;jpg;jpeg;jpe;resx;tiff;tif;png;wav;mfcribbon-ms</Extensions>
    </Filter>
    <Filter Include="소스파일">
      <UniqueIdentifier>{4FC737F1-C7A5-4376-A066-2A32D752A2FF}</UniqueIdentifier>
      <Extensions>cpp;c;cc;cxx;def;odl;idl;hpj;bat;asm;asmx</Extensions>
    </Filter>
    <Filter Include="헤더파일">
      <UniqueIdentifier>{93995380-89BD-4b04-88EB-625FBE52EBFB}</UniqueIdentifier>
      <Extensions>h;hh;hpp;hxx;hm;inl;inc;xsd</Extensions>
    </Filter>
    <Filter Include="소스파일\프레임워크관련">
      <UniqueIdentifier>{81fb17aa-7fba-499b-b98c-f22021379c98}</UniqueIdentifier>
    </Filter>
    <Filter Include="소스파일\장면구성">
      <UniqueIdentifier>{fc9cf68c-acd3-42aa-be25-31c35809c41d}</UniqueIdentifier>
    </Filter>
    <Filter Include="헤더파일\프레임워크관련">
      <UniqueIdentifier>{03bc2538-79c4-412a-a4f1-e92181ddb6da}</UniqueIdentifier>
    </Filter>
    <Filter Include="헤더파일\장면구성">
      <UniqueIdentifier>{1506f943-bac6-4610-9876-eda3ee85e7a5}</UniqueIdentifier>
    </Filter>
    <Filter Include="헤더파일\게임오브젝트관련">
      <UniqueIdentifier>{34428a0c-07fb-4c6e-9016-d2dd7b80b764}</UniqueIdentifier>
    </Filter>
    <Filter Include="소스파일\게임오브젝트관련">
      <UniqueIdentifier>{6963c54e-bf47-4b2f-8a27-9b860a7adce8}</UniqueIdentifier>
    </Filter>
    <Filter Include="MyMiniPhysicsEngine">
      <UniqueIdentifier>{18887dc4-50ac-40d8-b6ba-a770ec745724}</UniqueIdentifier>
    </Filter>
    <Filter Include="소스파일\서버">
      <UniqueIdentifier>{b660068a-b61c-440d-902b-c9d8e368793d}</UniqueIdentifier>
    </Filter>
    <Filter Include="헤더파일\서버">
      <UniqueIdentifier>{07a11f36-9bd3-4e00-9888-95a7520820db}</UniqueIdentifier>
    </Filter>
    <Filter Include="소스파일\서버\데이터베이스">
      <UniqueIdentifier>{67796f34-2ec2-446a-8e82-041fdfdeb15a}</UniqueIdentifier>
    </Filter>
  </ItemGroup>
  <ItemGroup>
    <ClCompile Include="d3dUtil.cpp">
      <Filter>소스파일</Filter>
    </ClCompile>
    <ClCompile Include="mainFrameWork.cpp">
      <Filter>소스파일\프레임워크관련</Filter>
    </ClCompile>
    <ClCompile Include="FrameWork.cpp">
      <Filter>소스파일\프레임워크관련</Filter>
    </ClCompile>
    <ClCompile Include="Timer.cpp">
      <Filter>소스파일\프레임워크관련</Filter>
    </ClCompile>
    <ClCompile Include="Scene.cpp">
      <Filter>소스파일\장면구성</Filter>
    </ClCompile>
    <ClCompile Include="Shader.cpp">
      <Filter>소스파일\장면구성</Filter>
    </ClCompile>
    <ClCompile Include="CVertex.cpp">
      <Filter>소스파일\게임오브젝트관련</Filter>
    </ClCompile>
    <ClCompile Include="CMesh.cpp">
      <Filter>소스파일\게임오브젝트관련</Filter>
    </ClCompile>
    <ClCompile Include="utility.cpp">
      <Filter>소스파일</Filter>
    </ClCompile>
    <ClCompile Include="CGameObject.cpp">
      <Filter>소스파일\게임오브젝트관련</Filter>
    </ClCompile>
    <ClCompile Include="CTexture.cpp">
      <Filter>소스파일\게임오브젝트관련</Filter>
    </ClCompile>
    <ClCompile Include="DDSTextureLoader.cpp">
      <Filter>소스파일</Filter>
    </ClCompile>
    <ClCompile Include="메쉬등리소스.cpp">
      <Filter>소스파일\게임오브젝트관련</Filter>
    </ClCompile>
    <ClCompile Include="MMPE\MyMiniPysicsEngine.cpp">
      <Filter>MyMiniPhysicsEngine</Filter>
    </ClCompile>
    <ClCompile Include="Camera.cpp">
      <Filter>소스파일\장면구성</Filter>
    </ClCompile>
    <ClCompile Include="CPlayer.cpp">
      <Filter>소스파일\장면구성</Filter>
    </ClCompile>
    <ClCompile Include="CMaterial.cpp">
      <Filter>소스파일\게임오브젝트관련</Filter>
    </ClCompile>
    <ClCompile Include="Light.cpp">
      <Filter>소스파일\장면구성</Filter>
    </ClCompile>
    <ClCompile Include="server\main_client\AsyncClient.cpp">
      <Filter>소스파일\서버</Filter>
    </ClCompile>
    <ClCompile Include="server\main_client\Database\CTextTest.cpp">
      <Filter>소스파일\서버\데이터베이스</Filter>
    </ClCompile>
    <ClCompile Include="MsgProcessing.cpp">
      <Filter>소스파일\서버</Filter>
    </ClCompile>
  </ItemGroup>
  <ItemGroup>
    <ClInclude Include="d3dUtil.h">
      <Filter>헤더파일</Filter>
    </ClInclude>
    <ClInclude Include="mainFrameWork.h">
      <Filter>헤더파일\프레임워크관련</Filter>
    </ClInclude>
    <ClInclude Include="FrameWork.h">
      <Filter>헤더파일\프레임워크관련</Filter>
    </ClInclude>
    <ClInclude Include="Timer.h">
      <Filter>헤더파일\프레임워크관련</Filter>
    </ClInclude>
    <ClInclude Include="Scene.h">
      <Filter>헤더파일\장면구성</Filter>
    </ClInclude>
    <ClInclude Include="Shader.h">
      <Filter>헤더파일\장면구성</Filter>
    </ClInclude>
    <ClInclude Include="CVertex.h">
      <Filter>헤더파일\게임오브젝트관련</Filter>
    </ClInclude>
    <ClInclude Include="CMesh.h">
      <Filter>헤더파일\게임오브젝트관련</Filter>
    </ClInclude>
    <ClInclude Include="utility.h">
      <Filter>헤더파일</Filter>
    </ClInclude>
    <ClInclude Include="CGameObject.h">
      <Filter>헤더파일\게임오브젝트관련</Filter>
    </ClInclude>
    <ClInclude Include="UploadBuffer.h">
      <Filter>헤더파일\게임오브젝트관련</Filter>
    </ClInclude>
    <ClInclude Include="CTexture.h">
      <Filter>헤더파일\게임오브젝트관련</Filter>
    </ClInclude>
    <ClInclude Include="DDSTextureLoader.h">
      <Filter>헤더파일</Filter>
    </ClInclude>
    <ClInclude Include="MMPE\MyMiniPysicsEngine.h">
      <Filter>MyMiniPhysicsEngine</Filter>
    </ClInclude>
    <ClInclude Include="Camera.h">
      <Filter>헤더파일\장면구성</Filter>
    </ClInclude>
    <ClInclude Include="CPlayer.h">
      <Filter>헤더파일\장면구성</Filter>
    </ClInclude>
    <ClInclude Include="CMaterial.h">
      <Filter>헤더파일\게임오브젝트관련</Filter>
    </ClInclude>
    <ClInclude Include="Light.h">
      <Filter>헤더파일\장면구성</Filter>
    </ClInclude>
    <ClInclude Include="server\main_client\AsyncClient.h">
      <Filter>소스파일\서버</Filter>
    </ClInclude>
    <ClInclude Include="server\main_client\Database\CTextTest.h">
      <Filter>소스파일\서버\데이터베이스</Filter>
    </ClInclude>
    <ClInclude Include="server\main_client\protocol.h">
      <Filter>헤더파일\서버</Filter>
    </ClInclude>
    <ClInclude Include="server\main_client\stdafx.h">
      <Filter>헤더파일\서버</Filter>
    </ClInclude>
  </ItemGroup>
  <ItemGroup>
    <FxCompile Include="ShaderFile.hlsl" />
  </ItemGroup>
</Project>